// !$*UTF8*$!
{
	archiveVersion = 1;
	classes = {
	};
	objectVersion = 55;
	objects = {

/* Begin PBXBuildFile section */
		0247ED1FF8E335E8F4F9587A /* Pods_Filmes_Teste.framework in Frameworks */ = {isa = PBXBuildFile; fileRef = 9DC4B99130D6B21028C05902 /* Pods_Filmes_Teste.framework */; };
		0B183C7F284CEA7A0071CC4D /* RegisterViewController.swift in Sources */ = {isa = PBXBuildFile; fileRef = 0B183C7E284CEA7A0071CC4D /* RegisterViewController.swift */; };
		0B183C81284CEA8A0071CC4D /* AppViewController.swift in Sources */ = {isa = PBXBuildFile; fileRef = 0B183C80284CEA8A0071CC4D /* AppViewController.swift */; };
		0B1B2D31285BC8FD0079BD1C /* MoviesData.swift in Sources */ = {isa = PBXBuildFile; fileRef = 0B1B2D30285BC8FD0079BD1C /* MoviesData.swift */; };
		0B1B2D33285BCA3B0079BD1C /* MovieManager.swift in Sources */ = {isa = PBXBuildFile; fileRef = 0B1B2D32285BCA3B0079BD1C /* MovieManager.swift */; };
		0B1B2D37285BE63F0079BD1C /* MovieModel.swift in Sources */ = {isa = PBXBuildFile; fileRef = 0B1B2D36285BE63F0079BD1C /* MovieModel.swift */; };
		0B503484285E6538002622C7 /* Assets.xcassets in Resources */ = {isa = PBXBuildFile; fileRef = 0B503483285E6538002622C7 /* Assets.xcassets */; };
		0BD602662854D2C200198A53 /* SideMenu.swift in Sources */ = {isa = PBXBuildFile; fileRef = 0BD602652854D2C200198A53 /* SideMenu.swift */; };
		0BD6026D2854D66500198A53 /* Filme.swift in Sources */ = {isa = PBXBuildFile; fileRef = 0BD6026C2854D66500198A53 /* Filme.swift */; };
		0BD602702854E61E00198A53 /* FilmeCell.swift in Sources */ = {isa = PBXBuildFile; fileRef = 0BD6026E2854E61E00198A53 /* FilmeCell.swift */; };
		0BD602712854E61E00198A53 /* FilmeCell.xib in Resources */ = {isa = PBXBuildFile; fileRef = 0BD6026F2854E61E00198A53 /* FilmeCell.xib */; };
		0BEDDD8E284BA36A0092A747 /* AppDelegate.swift in Sources */ = {isa = PBXBuildFile; fileRef = 0BEDDD8D284BA36A0092A747 /* AppDelegate.swift */; };
		0BEDDD90284BA36A0092A747 /* SceneDelegate.swift in Sources */ = {isa = PBXBuildFile; fileRef = 0BEDDD8F284BA36A0092A747 /* SceneDelegate.swift */; };
		0BEDDD92284BA36A0092A747 /* ViewController.swift in Sources */ = {isa = PBXBuildFile; fileRef = 0BEDDD91284BA36A0092A747 /* ViewController.swift */; };
		0BEDDD95284BA36A0092A747 /* Main.storyboard in Resources */ = {isa = PBXBuildFile; fileRef = 0BEDDD93284BA36A0092A747 /* Main.storyboard */; };
		0BEDDD9A284BA36C0092A747 /* LaunchScreen.storyboard in Resources */ = {isa = PBXBuildFile; fileRef = 0BEDDD98284BA36C0092A747 /* LaunchScreen.storyboard */; };
		0BEDDDA2284BAE5E0092A747 /* GoogleService-Info.plist in Resources */ = {isa = PBXBuildFile; fileRef = 0BEDDDA1284BAE5E0092A747 /* GoogleService-Info.plist */; };
/* End PBXBuildFile section */

/* Begin PBXFileReference section */
		0B183C7E284CEA7A0071CC4D /* RegisterViewController.swift */ = {isa = PBXFileReference; lastKnownFileType = sourcecode.swift; path = RegisterViewController.swift; sourceTree = "<group>"; };
		0B183C80284CEA8A0071CC4D /* AppViewController.swift */ = {isa = PBXFileReference; lastKnownFileType = sourcecode.swift; path = AppViewController.swift; sourceTree = "<group>"; };
		0B1B2D30285BC8FD0079BD1C /* MoviesData.swift */ = {isa = PBXFileReference; lastKnownFileType = sourcecode.swift; path = MoviesData.swift; sourceTree = "<group>"; };
		0B1B2D32285BCA3B0079BD1C /* MovieManager.swift */ = {isa = PBXFileReference; lastKnownFileType = sourcecode.swift; path = MovieManager.swift; sourceTree = "<group>"; };
		0B1B2D36285BE63F0079BD1C /* MovieModel.swift */ = {isa = PBXFileReference; lastKnownFileType = sourcecode.swift; path = MovieModel.swift; sourceTree = "<group>"; };
		0B503483285E6538002622C7 /* Assets.xcassets */ = {isa = PBXFileReference; lastKnownFileType = folder.assetcatalog; path = Assets.xcassets; sourceTree = "<group>"; };
		0BD602652854D2C200198A53 /* SideMenu.swift */ = {isa = PBXFileReference; lastKnownFileType = sourcecode.swift; path = SideMenu.swift; sourceTree = "<group>"; };
		0BD6026C2854D66500198A53 /* Filme.swift */ = {isa = PBXFileReference; lastKnownFileType = sourcecode.swift; path = Filme.swift; sourceTree = "<group>"; };
		0BD6026E2854E61E00198A53 /* FilmeCell.swift */ = {isa = PBXFileReference; lastKnownFileType = sourcecode.swift; path = FilmeCell.swift; sourceTree = "<group>"; };
		0BD6026F2854E61E00198A53 /* FilmeCell.xib */ = {isa = PBXFileReference; lastKnownFileType = file.xib; path = FilmeCell.xib; sourceTree = "<group>"; };
		0BEDDD8A284BA36A0092A747 /* Filmes Teste.app */ = {isa = PBXFileReference; explicitFileType = wrapper.application; includeInIndex = 0; path = "Filmes Teste.app"; sourceTree = BUILT_PRODUCTS_DIR; };
		0BEDDD8D284BA36A0092A747 /* AppDelegate.swift */ = {isa = PBXFileReference; lastKnownFileType = sourcecode.swift; path = AppDelegate.swift; sourceTree = "<group>"; };
		0BEDDD8F284BA36A0092A747 /* SceneDelegate.swift */ = {isa = PBXFileReference; lastKnownFileType = sourcecode.swift; path = SceneDelegate.swift; sourceTree = "<group>"; };
		0BEDDD91284BA36A0092A747 /* ViewController.swift */ = {isa = PBXFileReference; lastKnownFileType = sourcecode.swift; path = ViewController.swift; sourceTree = "<group>"; };
		0BEDDD94284BA36A0092A747 /* Base */ = {isa = PBXFileReference; lastKnownFileType = file.storyboard; name = Base; path = Base.lproj/Main.storyboard; sourceTree = "<group>"; };
		0BEDDD99284BA36C0092A747 /* Base */ = {isa = PBXFileReference; lastKnownFileType = file.storyboard; name = Base; path = Base.lproj/LaunchScreen.storyboard; sourceTree = "<group>"; };
		0BEDDD9B284BA36C0092A747 /* Info.plist */ = {isa = PBXFileReference; lastKnownFileType = text.plist.xml; path = Info.plist; sourceTree = "<group>"; };
		0BEDDDA1284BAE5E0092A747 /* GoogleService-Info.plist */ = {isa = PBXFileReference; fileEncoding = 4; lastKnownFileType = text.plist.xml; path = "GoogleService-Info.plist"; sourceTree = "<group>"; };
		3AB6601109313D9D5B6D4866 /* Pods-Filmes Teste.debug.xcconfig */ = {isa = PBXFileReference; includeInIndex = 1; lastKnownFileType = text.xcconfig; name = "Pods-Filmes Teste.debug.xcconfig"; path = "Target Support Files/Pods-Filmes Teste/Pods-Filmes Teste.debug.xcconfig"; sourceTree = "<group>"; };
		5A890DA013905B023534DE7E /* Pods-Filmes Teste.release.xcconfig */ = {isa = PBXFileReference; includeInIndex = 1; lastKnownFileType = text.xcconfig; name = "Pods-Filmes Teste.release.xcconfig"; path = "Target Support Files/Pods-Filmes Teste/Pods-Filmes Teste.release.xcconfig"; sourceTree = "<group>"; };
		9DC4B99130D6B21028C05902 /* Pods_Filmes_Teste.framework */ = {isa = PBXFileReference; explicitFileType = wrapper.framework; includeInIndex = 0; path = Pods_Filmes_Teste.framework; sourceTree = BUILT_PRODUCTS_DIR; };
/* End PBXFileReference section */

/* Begin PBXFrameworksBuildPhase section */
		0BEDDD87284BA36A0092A747 /* Frameworks */ = {
			isa = PBXFrameworksBuildPhase;
			buildActionMask = 2147483647;
			files = (
				0247ED1FF8E335E8F4F9587A /* Pods_Filmes_Teste.framework in Frameworks */,
			);
			runOnlyForDeploymentPostprocessing = 0;
		};
/* End PBXFrameworksBuildPhase section */

/* Begin PBXGroup section */
		0BD6026B2854D64E00198A53 /* Model */ = {
			isa = PBXGroup;
			children = (
				0BD6026C2854D66500198A53 /* Filme.swift */,
				0B1B2D30285BC8FD0079BD1C /* MoviesData.swift */,
				0B1B2D32285BCA3B0079BD1C /* MovieManager.swift */,
				0B1B2D36285BE63F0079BD1C /* MovieModel.swift */,
			);
			path = Model;
			sourceTree = "<group>";
		};
		0BEDDD81284BA36A0092A747 = {
			isa = PBXGroup;
			children = (
				0BEDDD8C284BA36A0092A747 /* Filmes Teste */,
				0BEDDD8B284BA36A0092A747 /* Products */,
				FFC88B1F7A9B8FE2C53E21F4 /* Pods */,
				B15F42E1C534C00413A97944 /* Frameworks */,
			);
			sourceTree = "<group>";
		};
		0BEDDD8B284BA36A0092A747 /* Products */ = {
			isa = PBXGroup;
			children = (
				0BEDDD8A284BA36A0092A747 /* Filmes Teste.app */,
			);
			name = Products;
			sourceTree = "<group>";
		};
		0BEDDD8C284BA36A0092A747 /* Filmes Teste */ = {
			isa = PBXGroup;
			children = (
				0B503483285E6538002622C7 /* Assets.xcassets */,
				0BEDDD8D284BA36A0092A747 /* AppDelegate.swift */,
				0BEDDD8F284BA36A0092A747 /* SceneDelegate.swift */,
				0BD6026B2854D64E00198A53 /* Model */,
				0BEDDDA3284BB3350092A747 /* View */,
				0BEDDDA4284BB3410092A747 /* Controllers */,
				0BEDDD98284BA36C0092A747 /* LaunchScreen.storyboard */,
				0BEDDD9B284BA36C0092A747 /* Info.plist */,
				0BEDDDA1284BAE5E0092A747 /* GoogleService-Info.plist */,
			);
			path = "Filmes Teste";
			sourceTree = "<group>";
		};
		0BEDDDA3284BB3350092A747 /* View */ = {
			isa = PBXGroup;
			children = (
				0BEDDD93284BA36A0092A747 /* Main.storyboard */,
				0BD6026E2854E61E00198A53 /* FilmeCell.swift */,
				0BD6026F2854E61E00198A53 /* FilmeCell.xib */,
			);
			path = View;
			sourceTree = "<group>";
		};
		0BEDDDA4284BB3410092A747 /* Controllers */ = {
			isa = PBXGroup;
			children = (
				0BD602652854D2C200198A53 /* SideMenu.swift */,
				0BEDDD91284BA36A0092A747 /* ViewController.swift */,
				0B183C7E284CEA7A0071CC4D /* RegisterViewController.swift */,
				0B183C80284CEA8A0071CC4D /* AppViewController.swift */,
			);
			path = Controllers;
			sourceTree = "<group>";
		};
		B15F42E1C534C00413A97944 /* Frameworks */ = {
			isa = PBXGroup;
			children = (
				9DC4B99130D6B21028C05902 /* Pods_Filmes_Teste.framework */,
			);
			name = Frameworks;
			sourceTree = "<group>";
		};
		FFC88B1F7A9B8FE2C53E21F4 /* Pods */ = {
			isa = PBXGroup;
			children = (
				3AB6601109313D9D5B6D4866 /* Pods-Filmes Teste.debug.xcconfig */,
				5A890DA013905B023534DE7E /* Pods-Filmes Teste.release.xcconfig */,
			);
			path = Pods;
			sourceTree = "<group>";
		};
/* End PBXGroup section */

/* Begin PBXNativeTarget section */
		0BEDDD89284BA36A0092A747 /* Filmes Teste */ = {
			isa = PBXNativeTarget;
			buildConfigurationList = 0BEDDD9E284BA36C0092A747 /* Build configuration list for PBXNativeTarget "Filmes Teste" */;
			buildPhases = (
				1368C012D4D3801347CDC0F5 /* [CP] Check Pods Manifest.lock */,
				0BEDDD86284BA36A0092A747 /* Sources */,
				0BEDDD87284BA36A0092A747 /* Frameworks */,
				0BEDDD88284BA36A0092A747 /* Resources */,
				E2511136F1FEA0DC4102F4B3 /* [CP] Embed Pods Frameworks */,
			);
			buildRules = (
			);
			dependencies = (
			);
			name = "Filmes Teste";
			productName = "Filmes Teste";
			productReference = 0BEDDD8A284BA36A0092A747 /* Filmes Teste.app */;
			productType = "com.apple.product-type.application";
		};
/* End PBXNativeTarget section */

/* Begin PBXProject section */
		0BEDDD82284BA36A0092A747 /* Project object */ = {
			isa = PBXProject;
			attributes = {
				BuildIndependentTargetsInParallel = 1;
				LastSwiftUpdateCheck = 1330;
				LastUpgradeCheck = 1330;
				TargetAttributes = {
					0BEDDD89284BA36A0092A747 = {
						CreatedOnToolsVersion = 13.3.1;
					};
				};
			};
			buildConfigurationList = 0BEDDD85284BA36A0092A747 /* Build configuration list for PBXProject "Filmes Teste" */;
			compatibilityVersion = "Xcode 13.0";
			developmentRegion = en;
			hasScannedForEncodings = 0;
			knownRegions = (
				en,
				Base,
			);
			mainGroup = 0BEDDD81284BA36A0092A747;
			productRefGroup = 0BEDDD8B284BA36A0092A747 /* Products */;
			projectDirPath = "";
			projectRoot = "";
			targets = (
				0BEDDD89284BA36A0092A747 /* Filmes Teste */,
			);
		};
/* End PBXProject section */

/* Begin PBXResourcesBuildPhase section */
		0BEDDD88284BA36A0092A747 /* Resources */ = {
			isa = PBXResourcesBuildPhase;
			buildActionMask = 2147483647;
			files = (
				0BEDDD9A284BA36C0092A747 /* LaunchScreen.storyboard in Resources */,
				0BD602712854E61E00198A53 /* FilmeCell.xib in Resources */,
				0BEDDDA2284BAE5E0092A747 /* GoogleService-Info.plist in Resources */,
				0BEDDD95284BA36A0092A747 /* Main.storyboard in Resources */,
				0B503484285E6538002622C7 /* Assets.xcassets in Resources */,
			);
			runOnlyForDeploymentPostprocessing = 0;
		};
/* End PBXResourcesBuildPhase section */

/* Begin PBXShellScriptBuildPhase section */
		1368C012D4D3801347CDC0F5 /* [CP] Check Pods Manifest.lock */ = {
			isa = PBXShellScriptBuildPhase;
			buildActionMask = 2147483647;
			files = (
			);
			inputFileListPaths = (
			);
			inputPaths = (
				"${PODS_PODFILE_DIR_PATH}/Podfile.lock",
				"${PODS_ROOT}/Manifest.lock",
			);
			name = "[CP] Check Pods Manifest.lock";
			outputFileListPaths = (
			);
			outputPaths = (
				"$(DERIVED_FILE_DIR)/Pods-Filmes Teste-checkManifestLockResult.txt",
			);
			runOnlyForDeploymentPostprocessing = 0;
			shellPath = /bin/sh;
			shellScript = "diff \"${PODS_PODFILE_DIR_PATH}/Podfile.lock\" \"${PODS_ROOT}/Manifest.lock\" > /dev/null\nif [ $? != 0 ] ; then\n    # print error to STDERR\n    echo \"error: The sandbox is not in sync with the Podfile.lock. Run 'pod install' or update your CocoaPods installation.\" >&2\n    exit 1\nfi\n# This output is used by Xcode 'outputs' to avoid re-running this script phase.\necho \"SUCCESS\" > \"${SCRIPT_OUTPUT_FILE_0}\"\n";
			showEnvVarsInLog = 0;
		};
		E2511136F1FEA0DC4102F4B3 /* [CP] Embed Pods Frameworks */ = {
			isa = PBXShellScriptBuildPhase;
			buildActionMask = 2147483647;
			files = (
			);
			inputFileListPaths = (
				"${PODS_ROOT}/Target Support Files/Pods-Filmes Teste/Pods-Filmes Teste-frameworks-${CONFIGURATION}-input-files.xcfilelist",
			);
			name = "[CP] Embed Pods Frameworks";
			outputFileListPaths = (
				"${PODS_ROOT}/Target Support Files/Pods-Filmes Teste/Pods-Filmes Teste-frameworks-${CONFIGURATION}-output-files.xcfilelist",
			);
			runOnlyForDeploymentPostprocessing = 0;
			shellPath = /bin/sh;
			shellScript = "\"${PODS_ROOT}/Target Support Files/Pods-Filmes Teste/Pods-Filmes Teste-frameworks.sh\"\n";
			showEnvVarsInLog = 0;
		};
/* End PBXShellScriptBuildPhase section */

/* Begin PBXSourcesBuildPhase section */
		0BEDDD86284BA36A0092A747 /* Sources */ = {
			isa = PBXSourcesBuildPhase;
			buildActionMask = 2147483647;
			files = (
				0B183C81284CEA8A0071CC4D /* AppViewController.swift in Sources */,
				0BD6026D2854D66500198A53 /* Filme.swift in Sources */,
				0BEDDD92284BA36A0092A747 /* ViewController.swift in Sources */,
				0BEDDD8E284BA36A0092A747 /* AppDelegate.swift in Sources */,
				0B1B2D33285BCA3B0079BD1C /* MovieManager.swift in Sources */,
				0B1B2D37285BE63F0079BD1C /* MovieModel.swift in Sources */,
				0BD602662854D2C200198A53 /* SideMenu.swift in Sources */,
				0B1B2D31285BC8FD0079BD1C /* MoviesData.swift in Sources */,
				0BEDDD90284BA36A0092A747 /* SceneDelegate.swift in Sources */,
				0B183C7F284CEA7A0071CC4D /* RegisterViewController.swift in Sources */,
				0BD602702854E61E00198A53 /* FilmeCell.swift in Sources */,
			);
			runOnlyForDeploymentPostprocessing = 0;
		};
/* End PBXSourcesBuildPhase section */

/* Begin PBXVariantGroup section */
		0BEDDD93284BA36A0092A747 /* Main.storyboard */ = {
			isa = PBXVariantGroup;
			children = (
				0BEDDD94284BA36A0092A747 /* Base */,
			);
			name = Main.storyboard;
			sourceTree = "<group>";
		};
		0BEDDD98284BA36C0092A747 /* LaunchScreen.storyboard */ = {
			isa = PBXVariantGroup;
			children = (
				0BEDDD99284BA36C0092A747 /* Base */,
			);
			name = LaunchScreen.storyboard;
			sourceTree = "<group>";
		};
/* End PBXVariantGroup section */

/* Begin XCBuildConfiguration section */
		0BEDDD9C284BA36C0092A747 /* Debug */ = {
			isa = XCBuildConfiguration;
			buildSettings = {
				ALWAYS_SEARCH_USER_PATHS = NO;
				CLANG_ANALYZER_NONNULL = YES;
				CLANG_ANALYZER_NUMBER_OBJECT_CONVERSION = YES_AGGRESSIVE;
				CLANG_CXX_LANGUAGE_STANDARD = "gnu++17";
				CLANG_ENABLE_MODULES = YES;
				CLANG_ENABLE_OBJC_ARC = YES;
				CLANG_ENABLE_OBJC_WEAK = YES;
				CLANG_WARN_BLOCK_CAPTURE_AUTORELEASING = YES;
				CLANG_WARN_BOOL_CONVERSION = YES;
				CLANG_WARN_COMMA = YES;
				CLANG_WARN_CONSTANT_CONVERSION = YES;
				CLANG_WARN_DEPRECATED_OBJC_IMPLEMENTATIONS = YES;
				CLANG_WARN_DIRECT_OBJC_ISA_USAGE = YES_ERROR;
				CLANG_WARN_DOCUMENTATION_COMMENTS = YES;
				CLANG_WARN_EMPTY_BODY = YES;
				CLANG_WARN_ENUM_CONVERSION = YES;
				CLANG_WARN_INFINITE_RECURSION = YES;
				CLANG_WARN_INT_CONVERSION = YES;
				CLANG_WARN_NON_LITERAL_NULL_CONVERSION = YES;
				CLANG_WARN_OBJC_IMPLICIT_RETAIN_SELF = YES;
				CLANG_WARN_OBJC_LITERAL_CONVERSION = YES;
				CLANG_WARN_OBJC_ROOT_CLASS = YES_ERROR;
				CLANG_WARN_QUOTED_INCLUDE_IN_FRAMEWORK_HEADER = YES;
				CLANG_WARN_RANGE_LOOP_ANALYSIS = YES;
				CLANG_WARN_STRICT_PROTOTYPES = YES;
				CLANG_WARN_SUSPICIOUS_MOVE = YES;
				CLANG_WARN_UNGUARDED_AVAILABILITY = YES_AGGRESSIVE;
				CLANG_WARN_UNREACHABLE_CODE = YES;
				CLANG_WARN__DUPLICATE_METHOD_MATCH = YES;
				COPY_PHASE_STRIP = NO;
				DEBUG_INFORMATION_FORMAT = dwarf;
				ENABLE_STRICT_OBJC_MSGSEND = YES;
				ENABLE_TESTABILITY = YES;
				GCC_C_LANGUAGE_STANDARD = gnu11;
				GCC_DYNAMIC_NO_PIC = NO;
				GCC_NO_COMMON_BLOCKS = YES;
				GCC_OPTIMIZATION_LEVEL = 0;
				GCC_PREPROCESSOR_DEFINITIONS = (
					"DEBUG=1",
					"$(inherited)",
				);
				GCC_WARN_64_TO_32_BIT_CONVERSION = YES;
				GCC_WARN_ABOUT_RETURN_TYPE = YES_ERROR;
				GCC_WARN_UNDECLARED_SELECTOR = YES;
				GCC_WARN_UNINITIALIZED_AUTOS = YES_AGGRESSIVE;
				GCC_WARN_UNUSED_FUNCTION = YES;
				GCC_WARN_UNUSED_VARIABLE = YES;
				IPHONEOS_DEPLOYMENT_TARGET = 15.4;
				MTL_ENABLE_DEBUG_INFO = INCLUDE_SOURCE;
				MTL_FAST_MATH = YES;
				ONLY_ACTIVE_ARCH = YES;
				SDKROOT = iphoneos;
				SWIFT_ACTIVE_COMPILATION_CONDITIONS = DEBUG;
				SWIFT_OPTIMIZATION_LEVEL = "-Onone";
			};
			name = Debug;
		};
		0BEDDD9D284BA36C0092A747 /* Release */ = {
			isa = XCBuildConfiguration;
			buildSettings = {
				ALWAYS_SEARCH_USER_PATHS = NO;
				CLANG_ANALYZER_NONNULL = YES;
				CLANG_ANALYZER_NUMBER_OBJECT_CONVERSION = YES_AGGRESSIVE;
				CLANG_CXX_LANGUAGE_STANDARD = "gnu++17";
				CLANG_ENABLE_MODULES = YES;
				CLANG_ENABLE_OBJC_ARC = YES;
				CLANG_ENABLE_OBJC_WEAK = YES;
				CLANG_WARN_BLOCK_CAPTURE_AUTORELEASING = YES;
				CLANG_WARN_BOOL_CONVERSION = YES;
				CLANG_WARN_COMMA = YES;
				CLANG_WARN_CONSTANT_CONVERSION = YES;
				CLANG_WARN_DEPRECATED_OBJC_IMPLEMENTATIONS = YES;
				CLANG_WARN_DIRECT_OBJC_ISA_USAGE = YES_ERROR;
				CLANG_WARN_DOCUMENTATION_COMMENTS = YES;
				CLANG_WARN_EMPTY_BODY = YES;
				CLANG_WARN_ENUM_CONVERSION = YES;
				CLANG_WARN_INFINITE_RECURSION = YES;
				CLANG_WARN_INT_CONVERSION = YES;
				CLANG_WARN_NON_LITERAL_NULL_CONVERSION = YES;
				CLANG_WARN_OBJC_IMPLICIT_RETAIN_SELF = YES;
				CLANG_WARN_OBJC_LITERAL_CONVERSION = YES;
				CLANG_WARN_OBJC_ROOT_CLASS = YES_ERROR;
				CLANG_WARN_QUOTED_INCLUDE_IN_FRAMEWORK_HEADER = YES;
				CLANG_WARN_RANGE_LOOP_ANALYSIS = YES;
				CLANG_WARN_STRICT_PROTOTYPES = YES;
				CLANG_WARN_SUSPICIOUS_MOVE = YES;
				CLANG_WARN_UNGUARDED_AVAILABILITY = YES_AGGRESSIVE;
				CLANG_WARN_UNREACHABLE_CODE = YES;
				CLANG_WARN__DUPLICATE_METHOD_MATCH = YES;
				COPY_PHASE_STRIP = NO;
				DEBUG_INFORMATION_FORMAT = "dwarf-with-dsym";
				ENABLE_NS_ASSERTIONS = NO;
				ENABLE_STRICT_OBJC_MSGSEND = YES;
				GCC_C_LANGUAGE_STANDARD = gnu11;
				GCC_NO_COMMON_BLOCKS = YES;
				GCC_WARN_64_TO_32_BIT_CONVERSION = YES;
				GCC_WARN_ABOUT_RETURN_TYPE = YES_ERROR;
				GCC_WARN_UNDECLARED_SELECTOR = YES;
				GCC_WARN_UNINITIALIZED_AUTOS = YES_AGGRESSIVE;
				GCC_WARN_UNUSED_FUNCTION = YES;
				GCC_WARN_UNUSED_VARIABLE = YES;
				IPHONEOS_DEPLOYMENT_TARGET = 15.4;
				MTL_ENABLE_DEBUG_INFO = NO;
				MTL_FAST_MATH = YES;
				SDKROOT = iphoneos;
				SWIFT_COMPILATION_MODE = wholemodule;
				SWIFT_OPTIMIZATION_LEVEL = "-O";
				VALIDATE_PRODUCT = YES;
			};
			name = Release;
		};
		0BEDDD9F284BA36C0092A747 /* Debug */ = {
			isa = XCBuildConfiguration;
			baseConfigurationReference = 3AB6601109313D9D5B6D4866 /* Pods-Filmes Teste.debug.xcconfig */;
			buildSettings = {
				ASSETCATALOG_COMPILER_APPICON_NAME = AppIcon;
				ASSETCATALOG_COMPILER_GLOBAL_ACCENT_COLOR_NAME = AccentColor;
				CODE_SIGN_STYLE = Automatic;
				CURRENT_PROJECT_VERSION = 1;
				GENERATE_INFOPLIST_FILE = YES;
				INFOPLIST_FILE = "Filmes Teste/Info.plist";
				INFOPLIST_KEY_UIApplicationSupportsIndirectInputEvents = YES;
				INFOPLIST_KEY_UILaunchStoryboardName = LaunchScreen;
				INFOPLIST_KEY_UIMainStoryboardFile = Main;
				INFOPLIST_KEY_UISupportedInterfaceOrientations = UIInterfaceOrientationPortrait;
				INFOPLIST_KEY_UISupportedInterfaceOrientations_iPad = "UIInterfaceOrientationPortrait UIInterfaceOrientationPortraitUpsideDown UIInterfaceOrientationLandscapeLeft UIInterfaceOrientationLandscapeRight";
				INFOPLIST_KEY_UISupportedInterfaceOrientations_iPhone = "UIInterfaceOrientationPortrait UIInterfaceOrientationLandscapeLeft UIInterfaceOrientationLandscapeRight";
				LD_RUNPATH_SEARCH_PATHS = (
					"$(inherited)",
					"@executable_path/Frameworks",
				);
				MARKETING_VERSION = 1.0;
				PRODUCT_BUNDLE_IDENTIFIER = "com.fksn.Filmes-Teste";
				PRODUCT_NAME = "$(TARGET_NAME)";
				SWIFT_EMIT_LOC_STRINGS = YES;
				SWIFT_VERSION = 5.0;
				TARGETED_DEVICE_FAMILY = "1,2";
			};
			name = Debug;
		};
		0BEDDDA0284BA36C0092A747 /* Release */ = {
			isa = XCBuildConfiguration;
			baseConfigurationReference = 5A890DA013905B023534DE7E /* Pods-Filmes Teste.release.xcconfig */;
			buildSettings = {
				ASSETCATALOG_COMPILER_APPICON_NAME = AppIcon;
				ASSETCATALOG_COMPILER_GLOBAL_ACCENT_COLOR_NAME = AccentColor;
				CODE_SIGN_STYLE = Automatic;
				CURRENT_PROJECT_VERSION = 1;
				GENERATE_INFOPLIST_FILE = YES;
				INFOPLIST_FILE = "Filmes Teste/Info.plist";
				INFOPLIST_KEY_UIApplicationSupportsIndirectInputEvents = YES;
				INFOPLIST_KEY_UILaunchStoryboardName = LaunchScreen;
				INFOPLIST_KEY_UIMainStoryboardFile = Main;
				INFOPLIST_KEY_UISupportedInterfaceOrientations = UIInterfaceOrientationPortrait;
				INFOPLIST_KEY_UISupportedInterfaceOrientations_iPad = "UIInterfaceOrientationPortrait UIInterfaceOrientationPortraitUpsideDown UIInterfaceOrientationLandscapeLeft UIInterfaceOrientationLandscapeRight";
				INFOPLIST_KEY_UISupportedInterfaceOrientations_iPhone = "UIInterfaceOrientationPortrait UIInterfaceOrientationLandscapeLeft UIInterfaceOrientationLandscapeRight";
				LD_RUNPATH_SEARCH_PATHS = (
					"$(inherited)",
					"@executable_path/Frameworks",
				);
				MARKETING_VERSION = 1.0;
				PRODUCT_BUNDLE_IDENTIFIER = "com.fksn.Filmes-Teste";
				PRODUCT_NAME = "$(TARGET_NAME)";
				SWIFT_EMIT_LOC_STRINGS = YES;
				SWIFT_VERSION = 5.0;
				TARGETED_DEVICE_FAMILY = "1,2";
			};
			name = Release;
		};
/* End XCBuildConfiguration section */

/* Begin XCConfigurationList section */
		0BEDDD85284BA36A0092A747 /* Build configuration list for PBXProject "Filmes Teste" */ = {
			isa = XCConfigurationList;
			buildConfigurations = (
				0BEDDD9C284BA36C0092A747 /* Debug */,
				0BEDDD9D284BA36C0092A747 /* Release */,
			);
			defaultConfigurationIsVisible = 0;
			defaultConfigurationName = Release;
		};
		0BEDDD9E284BA36C0092A747 /* Build configuration list for PBXNativeTarget "Filmes Teste" */ = {
			isa = XCConfigurationList;
			buildConfigurations = (
				0BEDDD9F284BA36C0092A747 /* Debug */,
				0BEDDDA0284BA36C0092A747 /* Release */,
			);
			defaultConfigurationIsVisible = 0;
			defaultConfigurationName = Release;
		};
/* End XCConfigurationList section */
	};
	rootObject = 0BEDDD82284BA36A0092A747 /* Project object */;
}
